{
  "version": 4,
  "terraform_version": "1.5.2",
  "serial": 63,
  "lineage": "7c2c5974-418f-56f4-213e-d4510b6f43d5",
  "outputs": {},
  "resources": [
    {
      "module": "module.firewall",
      "mode": "managed",
      "type": "google_compute_firewall",
      "name": "default",
      "provider": "provider[\"registry.terraform.io/hashicorp/google\"]",
      "instances": [
        {
          "schema_version": 1,
          "attributes": {
            "allow": [
              {
                "ports": [
                  "80",
                  "22",
                  "443"
                ],
                "protocol": "tcp"
              }
            ],
            "creation_timestamp": "2023-07-23T05:21:06.927-07:00",
            "deny": [],
            "description": "",
            "destination_ranges": [],
            "direction": "INGRESS",
            "disabled": false,
            "enable_logging": null,
            "id": "projects/pojet-ecole/global/firewalls/test-firewall",
            "log_config": [],
            "name": "test-firewall",
            "network": "https://www.googleapis.com/compute/v1/projects/pojet-ecole/global/networks/test-network",
            "priority": 1000,
            "project": "pojet-ecole",
            "self_link": "https://www.googleapis.com/compute/v1/projects/pojet-ecole/global/firewalls/test-firewall",
            "source_ranges": [
              "0.0.0.0/0"
            ],
            "source_service_accounts": [],
            "source_tags": [],
            "target_service_accounts": [],
            "target_tags": [],
            "timeouts": null
          },
          "sensitive_attributes": [],
          "private": "eyJlMmJmYjczMC1lY2FhLTExZTYtOGY4OC0zNDM2M2JjN2M0YzAiOnsiY3JlYXRlIjoxMjAwMDAwMDAwMDAwLCJkZWxldGUiOjEyMDAwMDAwMDAwMDAsInVwZGF0ZSI6MTIwMDAwMDAwMDAwMH0sInNjaGVtYV92ZXJzaW9uIjoiMSJ9",
          "dependencies": [
            "module.service_account.google_project_iam_binding.project",
            "module.service_account.google_service_account.service_account",
            "module.service_account.google_service_account_key.service_account",
            "module.service_account.local_file.service_account",
            "module.vpc.google_compute_network.custom-test",
            "module.vpc.google_compute_subnetwork.Test"
          ]
        }
      ]
    },
    {
      "module": "module.firewall",
      "mode": "managed",
      "type": "google_compute_firewall",
      "name": "mysql_firwall",
      "provider": "provider[\"registry.terraform.io/hashicorp/google\"]",
      "instances": [
        {
          "schema_version": 1,
          "attributes": {
            "allow": [
              {
                "ports": [
                  "3306"
                ],
                "protocol": "tcp"
              }
            ],
            "creation_timestamp": "2023-07-23T05:21:06.626-07:00",
            "deny": [],
            "description": "",
            "destination_ranges": [],
            "direction": "INGRESS",
            "disabled": false,
            "enable_logging": null,
            "id": "projects/pojet-ecole/global/firewalls/mysql-firwall",
            "log_config": [],
            "name": "mysql-firwall",
            "network": "https://www.googleapis.com/compute/v1/projects/pojet-ecole/global/networks/test-network",
            "priority": 1000,
            "project": "pojet-ecole",
            "self_link": "https://www.googleapis.com/compute/v1/projects/pojet-ecole/global/firewalls/mysql-firwall",
            "source_ranges": [
              "10.2.0.0/16"
            ],
            "source_service_accounts": [],
            "source_tags": [],
            "target_service_accounts": [],
            "target_tags": [],
            "timeouts": null
          },
          "sensitive_attributes": [],
          "private": "eyJlMmJmYjczMC1lY2FhLTExZTYtOGY4OC0zNDM2M2JjN2M0YzAiOnsiY3JlYXRlIjoxMjAwMDAwMDAwMDAwLCJkZWxldGUiOjEyMDAwMDAwMDAwMDAsInVwZGF0ZSI6MTIwMDAwMDAwMDAwMH0sInNjaGVtYV92ZXJzaW9uIjoiMSJ9",
          "dependencies": [
            "module.service_account.google_project_iam_binding.project",
            "module.service_account.google_service_account.service_account",
            "module.service_account.google_service_account_key.service_account",
            "module.service_account.local_file.service_account",
            "module.vpc.google_compute_network.custom-test",
            "module.vpc.google_compute_subnetwork.Test"
          ]
        }
      ]
    },
    {
      "module": "module.instances",
      "mode": "managed",
      "type": "google_compute_instance",
      "name": "computer_engine",
      "provider": "provider[\"registry.terraform.io/hashicorp/google\"]",
      "instances": [
        {
          "index_key": "db",
          "schema_version": 6,
          "attributes": {
            "advanced_machine_features": [],
            "allow_stopping_for_update": null,
            "attached_disk": [],
            "boot_disk": [
              {
                "auto_delete": true,
                "device_name": "persistent-disk-0",
                "disk_encryption_key_raw": "",
                "disk_encryption_key_sha256": "",
                "initialize_params": [
                  {
                    "image": "https://www.googleapis.com/compute/v1/projects/debian-cloud/global/images/debian-11-bullseye-v20230711",
                    "labels": {
                      "my_label": "value"
                    },
                    "resource_manager_tags": {},
                    "size": 10,
                    "type": "pd-standard"
                  }
                ],
                "kms_key_self_link": "",
                "mode": "READ_WRITE",
                "source": "https://www.googleapis.com/compute/v1/projects/pojet-ecole/zones/us-east1-b/disks/instance-db"
              }
            ],
            "can_ip_forward": false,
            "confidential_instance_config": [],
            "cpu_platform": "Intel Broadwell",
            "current_status": "RUNNING",
            "deletion_protection": false,
            "description": "",
            "desired_status": null,
            "enable_display": false,
            "guest_accelerator": [],
            "hostname": "",
            "id": "projects/pojet-ecole/zones/us-east1-b/instances/instance-db",
            "instance_id": "1187030952582358481",
            "label_fingerprint": "42WmSpB8rSM=",
            "labels": {},
            "machine_type": "e2-medium",
            "metadata": {},
            "metadata_fingerprint": "yjyquCcLoF0=",
            "metadata_startup_script": null,
            "min_cpu_platform": "",
            "name": "instance-db",
            "network_interface": [
              {
                "access_config": [
                  {
                    "nat_ip": "34.148.179.243",
                    "network_tier": "PREMIUM",
                    "public_ptr_domain_name": ""
                  }
                ],
                "alias_ip_range": [],
                "ipv6_access_config": [],
                "ipv6_access_type": "",
                "name": "nic0",
                "network": "https://www.googleapis.com/compute/v1/projects/pojet-ecole/global/networks/test-network",
                "network_ip": "10.2.0.2",
                "nic_type": "",
                "queue_count": 0,
                "stack_type": "IPV4_ONLY",
                "subnetwork": "https://www.googleapis.com/compute/v1/projects/pojet-ecole/regions/us-east1/subnetworks/test-subnetwork",
                "subnetwork_project": "pojet-ecole"
              }
            ],
            "network_performance_config": [],
            "params": [],
            "project": "pojet-ecole",
            "reservation_affinity": [],
            "resource_policies": [],
            "scheduling": [
              {
                "automatic_restart": true,
                "instance_termination_action": "",
                "min_node_cpus": 0,
                "node_affinities": [],
                "on_host_maintenance": "MIGRATE",
                "preemptible": false,
                "provisioning_model": "STANDARD"
              }
            ],
            "scratch_disk": [],
            "self_link": "https://www.googleapis.com/compute/v1/projects/pojet-ecole/zones/us-east1-b/instances/instance-db",
            "service_account": [],
            "shielded_instance_config": [
              {
                "enable_integrity_monitoring": true,
                "enable_secure_boot": false,
                "enable_vtpm": true
              }
            ],
            "tags": [],
            "tags_fingerprint": "42WmSpB8rSM=",
            "timeouts": null,
            "zone": "us-east1-b"
          },
          "sensitive_attributes": [],
          "private": "eyJlMmJmYjczMC1lY2FhLTExZTYtOGY4OC0zNDM2M2JjN2M0YzAiOnsiY3JlYXRlIjoxMjAwMDAwMDAwMDAwLCJkZWxldGUiOjEyMDAwMDAwMDAwMDAsInVwZGF0ZSI6MTIwMDAwMDAwMDAwMH0sInNjaGVtYV92ZXJzaW9uIjoiNiJ9",
          "dependencies": [
            "module.firewall.google_compute_firewall.default",
            "module.firewall.google_compute_firewall.mysql_firwall",
            "module.service_account.google_project_iam_binding.project",
            "module.service_account.google_service_account.service_account",
            "module.service_account.google_service_account_key.service_account",
            "module.service_account.local_file.service_account",
            "module.vpc.google_compute_network.custom-test",
            "module.vpc.google_compute_subnetwork.Test"
          ]
        },
        {
          "index_key": "wordpress",
          "schema_version": 6,
          "attributes": {
            "advanced_machine_features": [],
            "allow_stopping_for_update": null,
            "attached_disk": [],
            "boot_disk": [
              {
                "auto_delete": true,
                "device_name": "persistent-disk-0",
                "disk_encryption_key_raw": "",
                "disk_encryption_key_sha256": "",
                "initialize_params": [
                  {
                    "image": "https://www.googleapis.com/compute/v1/projects/debian-cloud/global/images/debian-11-bullseye-v20230711",
                    "labels": {
                      "my_label": "value"
                    },
                    "resource_manager_tags": {},
                    "size": 10,
                    "type": "pd-standard"
                  }
                ],
                "kms_key_self_link": "",
                "mode": "READ_WRITE",
                "source": "https://www.googleapis.com/compute/v1/projects/pojet-ecole/zones/us-east1-b/disks/instance-wordpress"
              }
            ],
            "can_ip_forward": false,
            "confidential_instance_config": [],
            "cpu_platform": "Intel Broadwell",
            "current_status": "RUNNING",
            "deletion_protection": false,
            "description": "",
            "desired_status": null,
            "enable_display": false,
            "guest_accelerator": [],
            "hostname": "",
            "id": "projects/pojet-ecole/zones/us-east1-b/instances/instance-wordpress",
            "instance_id": "6675437173284578768",
            "label_fingerprint": "42WmSpB8rSM=",
            "labels": {},
            "machine_type": "e2-medium",
            "metadata": {},
            "metadata_fingerprint": "yjyquCcLoF0=",
            "metadata_startup_script": null,
            "min_cpu_platform": "",
            "name": "instance-wordpress",
            "network_interface": [
              {
                "access_config": [
                  {
                    "nat_ip": "34.138.145.142",
                    "network_tier": "PREMIUM",
                    "public_ptr_domain_name": ""
                  }
                ],
                "alias_ip_range": [],
                "ipv6_access_config": [],
                "ipv6_access_type": "",
                "name": "nic0",
                "network": "https://www.googleapis.com/compute/v1/projects/pojet-ecole/global/networks/test-network",
                "network_ip": "10.2.0.3",
                "nic_type": "",
                "queue_count": 0,
                "stack_type": "IPV4_ONLY",
                "subnetwork": "https://www.googleapis.com/compute/v1/projects/pojet-ecole/regions/us-east1/subnetworks/test-subnetwork",
                "subnetwork_project": "pojet-ecole"
              }
            ],
            "network_performance_config": [],
            "params": [],
            "project": "pojet-ecole",
            "reservation_affinity": [],
            "resource_policies": [],
            "scheduling": [
              {
                "automatic_restart": true,
                "instance_termination_action": "",
                "min_node_cpus": 0,
                "node_affinities": [],
                "on_host_maintenance": "MIGRATE",
                "preemptible": false,
                "provisioning_model": "STANDARD"
              }
            ],
            "scratch_disk": [],
            "self_link": "https://www.googleapis.com/compute/v1/projects/pojet-ecole/zones/us-east1-b/instances/instance-wordpress",
            "service_account": [],
            "shielded_instance_config": [
              {
                "enable_integrity_monitoring": true,
                "enable_secure_boot": false,
                "enable_vtpm": true
              }
            ],
            "tags": [],
            "tags_fingerprint": "42WmSpB8rSM=",
            "timeouts": null,
            "zone": "us-east1-b"
          },
          "sensitive_attributes": [],
          "private": "eyJlMmJmYjczMC1lY2FhLTExZTYtOGY4OC0zNDM2M2JjN2M0YzAiOnsiY3JlYXRlIjoxMjAwMDAwMDAwMDAwLCJkZWxldGUiOjEyMDAwMDAwMDAwMDAsInVwZGF0ZSI6MTIwMDAwMDAwMDAwMH0sInNjaGVtYV92ZXJzaW9uIjoiNiJ9",
          "dependencies": [
            "module.firewall.google_compute_firewall.default",
            "module.firewall.google_compute_firewall.mysql_firwall",
            "module.service_account.google_project_iam_binding.project",
            "module.service_account.google_service_account.service_account",
            "module.service_account.google_service_account_key.service_account",
            "module.service_account.local_file.service_account",
            "module.vpc.google_compute_network.custom-test",
            "module.vpc.google_compute_subnetwork.Test"
          ]
        }
      ]
    },
    {
      "module": "module.service_account",
      "mode": "managed",
      "type": "google_project_iam_binding",
      "name": "project",
      "provider": "provider[\"registry.terraform.io/hashicorp/google\"]",
      "instances": [
        {
          "schema_version": 0,
          "attributes": {
            "condition": [],
            "etag": "BwYBJoXzzow=",
            "id": "pojet-ecole/roles/viewer",
            "members": [
              "serviceAccount:terraform@pojet-ecole.iam.gserviceaccount.com"
            ],
            "project": "pojet-ecole",
            "role": "roles/viewer"
          },
          "sensitive_attributes": [],
          "private": "bnVsbA==",
          "dependencies": [
            "module.service_account.google_service_account.service_account"
          ]
        }
      ]
    },
    {
      "module": "module.service_account",
      "mode": "managed",
      "type": "google_service_account",
      "name": "service_account",
      "provider": "provider[\"registry.terraform.io/hashicorp/google\"]",
      "instances": [
        {
          "schema_version": 0,
          "attributes": {
            "account_id": "terraform",
            "description": "",
            "disabled": false,
            "display_name": "terraform",
            "email": "terraform@pojet-ecole.iam.gserviceaccount.com",
            "id": "projects/pojet-ecole/serviceAccounts/terraform@pojet-ecole.iam.gserviceaccount.com",
            "member": "serviceAccount:terraform@pojet-ecole.iam.gserviceaccount.com",
            "name": "projects/pojet-ecole/serviceAccounts/terraform@pojet-ecole.iam.gserviceaccount.com",
            "project": "pojet-ecole",
            "timeouts": null,
            "unique_id": "107736283771275484909"
          },
          "sensitive_attributes": [],
          "private": "eyJlMmJmYjczMC1lY2FhLTExZTYtOGY4OC0zNDM2M2JjN2M0YzAiOnsiY3JlYXRlIjozMDAwMDAwMDAwMDB9fQ=="
        }
      ]
    },
    {
      "module": "module.service_account",
      "mode": "managed",
      "type": "google_service_account_key",
      "name": "service_account",
      "provider": "provider[\"registry.terraform.io/hashicorp/google\"]",
      "instances": [
        {
          "schema_version": 0,
          "attributes": {
            "id": "projects/pojet-ecole/serviceAccounts/terraform@pojet-ecole.iam.gserviceaccount.com/keys/8c87332f5aa1f030956ec4808ceb82d9c5457bc9",
            "keepers": null,
            "key_algorithm": "KEY_ALG_RSA_2048",
            "name": "projects/pojet-ecole/serviceAccounts/terraform@pojet-ecole.iam.gserviceaccount.com/keys/8c87332f5aa1f030956ec4808ceb82d9c5457bc9",
            "private_key": "ewogICJ0eXBlIjogInNlcnZpY2VfYWNjb3VudCIsCiAgInByb2plY3RfaWQiOiAicG9qZXQtZWNvbGUiLAogICJwcml2YXRlX2tleV9pZCI6ICI4Yzg3MzMyZjVhYTFmMDMwOTU2ZWM0ODA4Y2ViODJkOWM1NDU3YmM5IiwKICAicHJpdmF0ZV9rZXkiOiAiLS0tLS1CRUdJTiBQUklWQVRFIEtFWS0tLS0tXG5NSUlFdkFJQkFEQU5CZ2txaGtpRzl3MEJBUUVGQUFTQ0JLWXdnZ1NpQWdFQUFvSUJBUUN4bFBDV0NaNUs3dTJQXG5SYWNqZUhNWFlTaEdaRC93ZWx1Nld2dGVWcVpwUTBxclBjR25QeE5rZFpKOUU0N05mK1BNT1B0ZklYaWRReW5FXG5RZmp1bjJ5V0VlNEc3a0lVSzZzcmJuRTZiZHRiblRackQvMlo0dHZLbllKU1ltSmxCYkNUVWdUZ29RRDFtQjRPXG5YL2lodmQxdEYyUzExUHZZdkpHTHJ0YkRQRW4wc3ZWYXFpNmYzVEQxaW9DT2xDcDBQQm81c0RLVWZreG9KRGhxXG5sZHBrVnMyUFF1WE40Zi9BcFJ3VzBYLzdYWnN0NTMzM0JyVk90K2pnR2VGUG5OeHYvZVlzVUF3eE4yNzBIN2k4XG56SVkrQVNOUXN2V0c3b3BUWlY5aVkwbnlpV2dUMXM3Y1dDVzg1N2o0TTkyQXVUVTB2NE9JakhJYXVsZmw5dC9NXG5NNlBJWWxROUFnTUJBQUVDZ2dFQVFPQ0FFT0NNc3lXZEpyVzB2Vkc1QW5hZFp6SWk1ZkZkNTdScmwyaWl2VnczXG5RRjU4akdTUDZpakdEdW9CUnZTTlBjUW5tZmE1Z1FMVGxIN2h1aFFHY01FMks5UUowaUt1RTF6ekF2eTFvai9LXG5iTXpYd3N2TnJyVmlza1I5WEJqN0RLZHZYcjJUZ3laQy9NOTFIMm9sSmtEZ3EwbVhoUFJIWERmUkFGemJUQWtsXG5nZkxtNy92L1FIS1Y0SWErZlFCd2NRMDZqY21aSUVsTDNIRTZmVlpZbmh4UE9LMGZRbzFwTTdieFhmVGRwcDJmXG5KVE9RTzUreHJ1Y2x2ZEZQcGRqa1VrZ1ArbTNYVjZTVVFmdHE5Q29uK3RlWVc1c213dG9PbkJSYTFmTmVrU3g3XG5mU1ZERXR6RFVYOVRyT0hIbXhSOTAyak01dzJsSGFoS1JpNWkzZHM4aFFLQmdRRGZZSElqUzhnek1Nd3BvV0hyXG50Z2dHK2RDTUNVWXJkSC9IZ2hMR0N4QjZXRmxKT29IR2ZyVFc2UG9laytvQWpzWG9kdnZSOERXOHhLSVNDMDFsXG5hUzgweFZQWUpJeVhUalRsdzI0blVZV3dINlliWFpHdlVQNnVvTXZUM1llMCt5MzRRREtKYzZrc0Q4TUt6VFN1XG5CT1BvaXZxcm43Q2d6VVJYVEUvQzROUS9pd0tCZ1FETGhGTHFKRG1iNjdVRjl3N3pVQzdTRmp0SkpnUnNQeGQ1XG5zSEVnMUx6WTFzZndVNlhEK0JwSzYxdEc0TkNONUpWNlQrajFKZWZPeDlZbVJMek93NUhvSk03U3pNakMza2FtXG5Da0UvRGlFRDFYU3p1TEh0cFVaMXE2RnFuZTFONXA3Q1luSE12YjhzaWFOVW00ZlE1a1luSHlnOXlNQ3Z4Nld4XG5XVkViclJtMFZ3S0JnQkQ4ekxGU2VnOHFqdHc3b2E3RFVTajJwcDEvdHc1bTliQytlNThFQ0dURmcwVEdaa2dxXG5LcWFOWVRnaUY1R2pTZm03MHJyTWdjbXhTb0lFeWdZRVVjcTVsdjdCQ05BWTZuenV0OW5Wb1UwYm13NUp0MktWXG56a2lKZ2ZiQ3lpZEJVdVdtUERHbjBoMi90UjJGTFpSdVdzYThpd095U1VSeFY5a3J2SVVkaEFheEFvR0FJdVh2XG42ZUtJVm1wV3drMFpMVFBrczNYSWVNU2lJWVc0R3MvY3RrcUVqNUpVK3FyOVU5dHBkc3RnL1loemVzRmx1SEdYXG5ldUlqRzl3OHBwZEc0Ulc4SVZpZWRwdFRHY2RQeWcwY0h4bm5JMmNvK2VDRDhrSlRFTDU3a1hLL1RJcHRVdHZhXG5zOGNkeng5UytLRXE2dkZ4dWllbm1PQ2gyZ0tjTVFzbDAxOGRkMFVDZ1lCR2lqYnpFdUVQbTlUVXF4TVRsaDRPXG5TNFRETk1JSXo5c2pDK2kyWDRWZHUwakhZYWx3Y0ZQMjU0czlEemovL01SUHo0SDRrVXBiM05VYzRUSnA4aTcrXG4ySDQ2MHZ1UW9DdUt2YnZqT0ZQbXU4TWdnVC9hei9BeDM2MWd5c3BxdnFMQlFKeFZQVm05eGgvMVJSaFZ6WnpYXG51cG5TOHgzVkEzWEtDNVVrUlVjZzdnPT1cbi0tLS0tRU5EIFBSSVZBVEUgS0VZLS0tLS1cbiIsCiAgImNsaWVudF9lbWFpbCI6ICJ0ZXJyYWZvcm1AcG9qZXQtZWNvbGUuaWFtLmdzZXJ2aWNlYWNjb3VudC5jb20iLAogICJjbGllbnRfaWQiOiAiMTA3NzM2MjgzNzcxMjc1NDg0OTA5IiwKICAiYXV0aF91cmkiOiAiaHR0cHM6Ly9hY2NvdW50cy5nb29nbGUuY29tL28vb2F1dGgyL2F1dGgiLAogICJ0b2tlbl91cmkiOiAiaHR0cHM6Ly9vYXV0aDIuZ29vZ2xlYXBpcy5jb20vdG9rZW4iLAogICJhdXRoX3Byb3ZpZGVyX3g1MDlfY2VydF91cmwiOiAiaHR0cHM6Ly93d3cuZ29vZ2xlYXBpcy5jb20vb2F1dGgyL3YxL2NlcnRzIiwKICAiY2xpZW50X3g1MDlfY2VydF91cmwiOiAiaHR0cHM6Ly93d3cuZ29vZ2xlYXBpcy5jb20vcm9ib3QvdjEvbWV0YWRhdGEveDUwOS90ZXJyYWZvcm0lNDBwb2pldC1lY29sZS5pYW0uZ3NlcnZpY2VhY2NvdW50LmNvbSIsCiAgInVuaXZlcnNlX2RvbWFpbiI6ICJnb29nbGVhcGlzLmNvbSIKfQo=",
            "private_key_type": "TYPE_GOOGLE_CREDENTIALS_FILE",
            "public_key": "LS0tLS1CRUdJTiBDRVJUSUZJQ0FURS0tLS0tCk1JSUMvRENDQWVTZ0F3SUJBZ0lJZFVsM3pDdFRqS1F3RFFZSktvWklodmNOQVFFRkJRQXdJREVlTUJ3R0ExVUUKQXhNVk1UQTNOek0yTWpnek56Y3hNamMxTkRnME9UQTVNQ0FYRFRJek1EY3lNekV5TWpBeU0xb1lEems1T1RreApNak14TWpNMU9UVTVXakFnTVI0d0hBWURWUVFERXhVeE1EYzNNell5T0RNM056RXlOelUwT0RRNU1Ea3dnZ0VpCk1BMEdDU3FHU0liM0RRRUJBUVVBQTRJQkR3QXdnZ0VLQW9JQkFRQ3hsUENXQ1o1Szd1MlBSYWNqZUhNWFlTaEcKWkQvd2VsdTZXdnRlVnFacFEwcXJQY0duUHhOa2RaSjlFNDdOZitQTU9QdGZJWGlkUXluRVFmanVuMnlXRWU0Rwo3a0lVSzZzcmJuRTZiZHRiblRackQvMlo0dHZLbllKU1ltSmxCYkNUVWdUZ29RRDFtQjRPWC9paHZkMXRGMlMxCjFQdll2SkdMcnRiRFBFbjBzdlZhcWk2ZjNURDFpb0NPbENwMFBCbzVzREtVZmt4b0pEaHFsZHBrVnMyUFF1WE4KNGYvQXBSd1cwWC83WFpzdDUzMzNCclZPdCtqZ0dlRlBuTnh2L2VZc1VBd3hOMjcwSDdpOHpJWStBU05Rc3ZXRwo3b3BUWlY5aVkwbnlpV2dUMXM3Y1dDVzg1N2o0TTkyQXVUVTB2NE9JakhJYXVsZmw5dC9NTTZQSVlsUTlBZ01CCkFBR2pPREEyTUF3R0ExVWRFd0VCL3dRQ01BQXdEZ1lEVlIwUEFRSC9CQVFEQWdlQU1CWUdBMVVkSlFFQi93UU0KTUFvR0NDc0dBUVVGQndNQ01BMEdDU3FHU0liM0RRRUJCUVVBQTRJQkFRQi9kZC9qbC90eGdIWlcxTmV2NzVmRwpJWjhZdTFsNk5ZZTFFQjJNOHpYcVl3Q0VMQWFIQVBDVzFPK1QrT2NVanVUZE1OZGF0djRtMHdPMDV2S3B4UVVpCkJpVEVZOGhOODBnN2VpQVNxT3lSMDdTOW5YaW9FSWJ3Q1RXL3hLSmlEVVJMRkxvdU9SMzVKU20rbjE5Q21TVkIKQ2JjbEhhT0ZwSXRKT0xmS0dFL0srWHJ5c0xqNDZhZWVQWEFub3ZjLzFEQUxyRmlUU25JOWJ2dUh6ODJpd200RgpRSEhZR0FrSDduWjlwSHE2djBWUkV1NzFVU1VTMEd2Qk0zOEwrRnpNZmZNOXVYU2RxTGkzVUF2MzdQT3U0ekQ4CmpBZGEyTlltcmtpTUNKQWlvOHZuQzBwbTcvZmppdGRMQnFOV2ZNYUVDM0FzeE1HQW1tVkJpWXE4SzJLMXNFamQKLS0tLS1FTkQgQ0VSVElGSUNBVEUtLS0tLQo=",
            "public_key_data": null,
            "public_key_type": "TYPE_X509_PEM_FILE",
            "service_account_id": "projects/pojet-ecole/serviceAccounts/terraform@pojet-ecole.iam.gserviceaccount.com",
            "valid_after": "2023-07-23T12:20:23Z",
            "valid_before": "9999-12-31T23:59:59Z"
          },
          "sensitive_attributes": [],
          "private": "bnVsbA==",
          "dependencies": [
            "module.service_account.google_service_account.service_account"
          ]
        }
      ]
    },
    {
      "module": "module.service_account",
      "mode": "managed",
      "type": "local_file",
      "name": "service_account",
      "provider": "provider[\"registry.terraform.io/hashicorp/local\"]",
      "instances": [
        {
          "schema_version": 0,
          "attributes": {
            "content": "{\n  \"type\": \"service_account\",\n  \"project_id\": \"pojet-ecole\",\n  \"private_key_id\": \"8c87332f5aa1f030956ec4808ceb82d9c5457bc9\",\n  \"private_key\": \"-----BEGIN PRIVATE KEY-----\\nMIIEvAIBADANBgkqhkiG9w0BAQEFAASCBKYwggSiAgEAAoIBAQCxlPCWCZ5K7u2P\\nRacjeHMXYShGZD/welu6WvteVqZpQ0qrPcGnPxNkdZJ9E47Nf+PMOPtfIXidQynE\\nQfjun2yWEe4G7kIUK6srbnE6bdtbnTZrD/2Z4tvKnYJSYmJlBbCTUgTgoQD1mB4O\\nX/ihvd1tF2S11PvYvJGLrtbDPEn0svVaqi6f3TD1ioCOlCp0PBo5sDKUfkxoJDhq\\nldpkVs2PQuXN4f/ApRwW0X/7XZst5333BrVOt+jgGeFPnNxv/eYsUAwxN270H7i8\\nzIY+ASNQsvWG7opTZV9iY0nyiWgT1s7cWCW857j4M92AuTU0v4OIjHIaulfl9t/M\\nM6PIYlQ9AgMBAAECggEAQOCAEOCMsyWdJrW0vVG5AnadZzIi5fFd57Rrl2iivVw3\\nQF58jGSP6ijGDuoBRvSNPcQnmfa5gQLTlH7huhQGcME2K9QJ0iKuE1zzAvy1oj/K\\nbMzXwsvNrrViskR9XBj7DKdvXr2TgyZC/M91H2olJkDgq0mXhPRHXDfRAFzbTAkl\\ngfLm7/v/QHKV4Ia+fQBwcQ06jcmZIElL3HE6fVZYnhxPOK0fQo1pM7bxXfTdpp2f\\nJTOQO5+xruclvdFPpdjkUkgP+m3XV6SUQftq9Con+teYW5smwtoOnBRa1fNekSx7\\nfSVDEtzDUX9TrOHHmxR902jM5w2lHahKRi5i3ds8hQKBgQDfYHIjS8gzMMwpoWHr\\ntggG+dCMCUYrdH/HghLGCxB6WFlJOoHGfrTW6Poek+oAjsXodvvR8DW8xKISC01l\\naS80xVPYJIyXTjTlw24nUYWwH6YbXZGvUP6uoMvT3Ye0+y34QDKJc6ksD8MKzTSu\\nBOPoivqrn7CgzURXTE/C4NQ/iwKBgQDLhFLqJDmb67UF9w7zUC7SFjtJJgRsPxd5\\nsHEg1LzY1sfwU6XD+BpK61tG4NCN5JV6T+j1JefOx9YmRLzOw5HoJM7SzMjC3kam\\nCkE/DiED1XSzuLHtpUZ1q6Fqne1N5p7CYnHMvb8siaNUm4fQ5kYnHyg9yMCvx6Wx\\nWVEbrRm0VwKBgBD8zLFSeg8qjtw7oa7DUSj2pp1/tw5m9bC+e58ECGTFg0TGZkgq\\nKqaNYTgiF5GjSfm70rrMgcmxSoIEygYEUcq5lv7BCNAY6nzut9nVoU0bmw5Jt2KV\\nzkiJgfbCyidBUuWmPDGn0h2/tR2FLZRuWsa8iwOySURxV9krvIUdhAaxAoGAIuXv\\n6eKIVmpWwk0ZLTPks3XIeMSiIYW4Gs/ctkqEj5JU+qr9U9tpdstg/YhzesFluHGX\\neuIjG9w8ppdG4RW8IViedptTGcdPyg0cHxnnI2co+eCD8kJTEL57kXK/TIptUtva\\ns8cdzx9S+KEq6vFxuienmOCh2gKcMQsl018dd0UCgYBGijbzEuEPm9TUqxMTlh4O\\nS4TDNMIIz9sjC+i2X4Vdu0jHYalwcFP254s9Dzj//MRPz4H4kUpb3NUc4TJp8i7+\\n2H460vuQoCuKvbvjOFPmu8MggT/az/Ax361gyspqvqLBQJxVPVm9xh/1RRhVzZzX\\nupnS8x3VA3XKC5UkRUcg7g==\\n-----END PRIVATE KEY-----\\n\",\n  \"client_email\": \"terraform@pojet-ecole.iam.gserviceaccount.com\",\n  \"client_id\": \"107736283771275484909\",\n  \"auth_uri\": \"https://accounts.google.com/o/oauth2/auth\",\n  \"token_uri\": \"https://oauth2.googleapis.com/token\",\n  \"auth_provider_x509_cert_url\": \"https://www.googleapis.com/oauth2/v1/certs\",\n  \"client_x509_cert_url\": \"https://www.googleapis.com/robot/v1/metadata/x509/terraform%40pojet-ecole.iam.gserviceaccount.com\",\n  \"universe_domain\": \"googleapis.com\"\n}\n",
            "content_base64": null,
            "content_base64sha256": "RrK8gE2o2xOw10TQxR5JO6XCzTgn8Kk8A6vAmsX7354=",
            "content_base64sha512": "bMNhQFQMuJD9dK1pUDxdCMHXKNEAsxj45CMpE1W3ub+7J4w+OK5Jciw2UQJGU5Qy+8IahpvGMzGYpQyoM3Xxqw==",
            "content_md5": "cabae63fbb743815a684122ad3e35873",
            "content_sha1": "a2d9fbe187ad0aa5b100b38cda26035803280df9",
            "content_sha256": "46b2bc804da8db13b0d744d0c51e493ba5c2cd3827f0a93c03abc09ac5fbdf9e",
            "content_sha512": "6cc36140540cb890fd74ad69503c5d08c1d728d100b318f8e423291355b7b9bfbb278c3e38ae49722c36510246539432fbc21a869bc6333198a50ca83375f1ab",
            "directory_permission": "0777",
            "file_permission": "0777",
            "filename": "../ansible/service_account.json",
            "id": "a2d9fbe187ad0aa5b100b38cda26035803280df9",
            "sensitive_content": null,
            "source": null
          },
          "sensitive_attributes": [
            [
              {
                "type": "get_attr",
                "value": "content"
              }
            ]
          ],
          "dependencies": [
            "module.service_account.google_service_account.service_account",
            "module.service_account.google_service_account_key.service_account"
          ]
        }
      ]
    },
    {
      "module": "module.vpc",
      "mode": "managed",
      "type": "google_compute_network",
      "name": "custom-test",
      "provider": "provider[\"registry.terraform.io/hashicorp/google\"]",
      "instances": [
        {
          "schema_version": 0,
          "attributes": {
            "auto_create_subnetworks": false,
            "delete_default_routes_on_create": false,
            "description": "",
            "enable_ula_internal_ipv6": false,
            "gateway_ipv4": "",
            "id": "projects/pojet-ecole/global/networks/test-network",
            "internal_ipv6_range": "",
            "mtu": 0,
            "name": "test-network",
            "network_firewall_policy_enforcement_order": "AFTER_CLASSIC_FIREWALL",
            "project": "pojet-ecole",
            "routing_mode": "REGIONAL",
            "self_link": "https://www.googleapis.com/compute/v1/projects/pojet-ecole/global/networks/test-network",
            "timeouts": null
          },
          "sensitive_attributes": [],
          "private": "eyJlMmJmYjczMC1lY2FhLTExZTYtOGY4OC0zNDM2M2JjN2M0YzAiOnsiY3JlYXRlIjoxMjAwMDAwMDAwMDAwLCJkZWxldGUiOjEyMDAwMDAwMDAwMDAsInVwZGF0ZSI6MTIwMDAwMDAwMDAwMH19",
          "dependencies": [
            "module.service_account.google_project_iam_binding.project",
            "module.service_account.google_service_account.service_account",
            "module.service_account.google_service_account_key.service_account",
            "module.service_account.local_file.service_account"
          ]
        }
      ]
    },
    {
      "module": "module.vpc",
      "mode": "managed",
      "type": "google_compute_subnetwork",
      "name": "Test",
      "provider": "provider[\"registry.terraform.io/hashicorp/google\"]",
      "instances": [
        {
          "schema_version": 0,
          "attributes": {
            "creation_timestamp": "2023-07-23T05:20:54.537-07:00",
            "description": "",
            "external_ipv6_prefix": "",
            "fingerprint": null,
            "gateway_address": "10.2.0.1",
            "id": "projects/pojet-ecole/regions/us-east1/subnetworks/test-subnetwork",
            "ip_cidr_range": "10.2.0.0/16",
            "ipv6_access_type": "",
            "ipv6_cidr_range": "",
            "log_config": [],
            "name": "test-subnetwork",
            "network": "https://www.googleapis.com/compute/v1/projects/pojet-ecole/global/networks/test-network",
            "private_ip_google_access": false,
            "private_ipv6_google_access": "DISABLE_GOOGLE_ACCESS",
            "project": "pojet-ecole",
            "purpose": "PRIVATE",
            "region": "us-east1",
            "role": "",
            "secondary_ip_range": [],
            "self_link": "https://www.googleapis.com/compute/v1/projects/pojet-ecole/regions/us-east1/subnetworks/test-subnetwork",
            "stack_type": "IPV4_ONLY",
            "timeouts": null
          },
          "sensitive_attributes": [],
          "private": "eyJlMmJmYjczMC1lY2FhLTExZTYtOGY4OC0zNDM2M2JjN2M0YzAiOnsiY3JlYXRlIjoxMjAwMDAwMDAwMDAwLCJkZWxldGUiOjEyMDAwMDAwMDAwMDAsInVwZGF0ZSI6MTIwMDAwMDAwMDAwMH19",
          "dependencies": [
            "module.service_account.google_project_iam_binding.project",
            "module.service_account.google_service_account.service_account",
            "module.service_account.google_service_account_key.service_account",
            "module.service_account.local_file.service_account",
            "module.vpc.google_compute_network.custom-test"
          ]
        }
      ]
    }
  ],
  "check_results": null
}
